
Microsoft Visual Studio Solution File, Format Version 12.00
# Visual Studio Version 17
VisualStudioVersion = 17.5.33516.290
MinimumVisualStudioVersion = 10.0.40219.1
Project("{FAE04EC0-301F-11D3-BF4B-00C04F79EFBC}") = "WpfAppKosci3Ppiatek_Xaml", "WpfAppKosci3Ppiatek_Xaml\WpfAppKosci3Ppiatek_Xaml.csproj", "{B8BFA908-390C-49B9-AFE6-ADE20F5632D5}"
EndProject
Global
	GlobalSection(SolutionConfigurationPlatforms) = preSolution
		Debug|Any CPU = Debug|Any CPU
		Release|Any CPU = Release|Any CPU
	EndGlobalSection
	GlobalSection(ProjectConfigurationPlatforms) = postSolution
		{B8BFA908-390C-49B9-AFE6-ADE20F5632D5}.Debug|Any CPU.ActiveCfg = Debug|Any CPU
		{B8BFA908-390C-49B9-AFE6-ADE20F5632D5}.Debug|Any CPU.Build.0 = Debug|Any CPU
		{B8BFA908-390C-49B9-AFE6-ADE20F5632D5}.Release|Any CPU.ActiveCfg = Release|Any CPU
		{B8BFA908-390C-49B9-AFE6-ADE20F5632D5}.Release|Any CPU.Build.0 = Release|Any CPU
	EndGlobalSection
	GlobalSection(SolutionProperties) = preSolution
		HideSolutionNode = FALSE
	EndGlobalSection
	GlobalSection(ExtensibilityGlobals) = postSolution
		SolutionGuid = {0BCA4A29-950B-46F8-8ADD-A81429238F8F}
	EndGlobalSection
EndGlobal
